// !$*UTF8*$!
{
	archiveVersion = 1;
	classes = {
	};
	objectVersion = 46;
	objects = {

/* Begin PBXBuildFile section */
		7B5655081EA57CBF00623AFA /* AppDelegate.swift in Sources */ = {isa = PBXBuildFile; fileRef = 7B5655071EA57CBF00623AFA /* AppDelegate.swift */; };
		7B56550A1EA57CBF00623AFA /* ViewController.swift in Sources */ = {isa = PBXBuildFile; fileRef = 7B5655091EA57CBF00623AFA /* ViewController.swift */; };
		7B56550D1EA57CBF00623AFA /* Main.storyboard in Resources */ = {isa = PBXBuildFile; fileRef = 7B56550B1EA57CBF00623AFA /* Main.storyboard */; };
		7B56550F1EA57CBF00623AFA /* Assets.xcassets in Resources */ = {isa = PBXBuildFile; fileRef = 7B56550E1EA57CBF00623AFA /* Assets.xcassets */; };
		7B5655121EA57CBF00623AFA /* LaunchScreen.storyboard in Resources */ = {isa = PBXBuildFile; fileRef = 7B5655101EA57CBF00623AFA /* LaunchScreen.storyboard */; };
		7B56551D1EA57CC000623AFA /* SimpleQRCodeScannerTests.swift in Sources */ = {isa = PBXBuildFile; fileRef = 7B56551C1EA57CC000623AFA /* SimpleQRCodeScannerTests.swift */; };
		7B5655281EA57CC000623AFA /* SimpleQRCodeScannerUITests.swift in Sources */ = {isa = PBXBuildFile; fileRef = 7B5655271EA57CC000623AFA /* SimpleQRCodeScannerUITests.swift */; };
		7B5655361EA57FA900623AFA /* ScannerViewController.swift in Sources */ = {isa = PBXBuildFile; fileRef = 7B5655351EA57FA900623AFA /* ScannerViewController.swift */; };
/* End PBXBuildFile section */

/* Begin PBXContainerItemProxy section */
		7B5655191EA57CC000623AFA /* PBXContainerItemProxy */ = {
			isa = PBXContainerItemProxy;
			containerPortal = 7B5654FC1EA57CBF00623AFA /* Project object */;
			proxyType = 1;
			remoteGlobalIDString = 7B5655031EA57CBF00623AFA;
			remoteInfo = SimpleQRCodeScanner;
		};
		7B5655241EA57CC000623AFA /* PBXContainerItemProxy */ = {
			isa = PBXContainerItemProxy;
			containerPortal = 7B5654FC1EA57CBF00623AFA /* Project object */;
			proxyType = 1;
			remoteGlobalIDString = 7B5655031EA57CBF00623AFA;
			remoteInfo = SimpleQRCodeScanner;
		};
/* End PBXContainerItemProxy section */

/* Begin PBXFileReference section */
		7B5655041EA57CBF00623AFA /* SimpleQRCodeScanner.app */ = {isa = PBXFileReference; explicitFileType = wrapper.application; includeInIndex = 0; path = SimpleQRCodeScanner.app; sourceTree = BUILT_PRODUCTS_DIR; };
		7B5655071EA57CBF00623AFA /* AppDelegate.swift */ = {isa = PBXFileReference; lastKnownFileType = sourcecode.swift; path = AppDelegate.swift; sourceTree = "<group>"; };
		7B5655091EA57CBF00623AFA /* ViewController.swift */ = {isa = PBXFileReference; lastKnownFileType = sourcecode.swift; path = ViewController.swift; sourceTree = "<group>"; };
		7B56550C1EA57CBF00623AFA /* Base */ = {isa = PBXFileReference; lastKnownFileType = file.storyboard; name = Base; path = Base.lproj/Main.storyboard; sourceTree = "<group>"; };
		7B56550E1EA57CBF00623AFA /* Assets.xcassets */ = {isa = PBXFileReference; lastKnownFileType = folder.assetcatalog; path = Assets.xcassets; sourceTree = "<group>"; };
		7B5655111EA57CBF00623AFA /* Base */ = {isa = PBXFileReference; lastKnownFileType = file.storyboard; name = Base; path = Base.lproj/LaunchScreen.storyboard; sourceTree = "<group>"; };
		7B5655131EA57CBF00623AFA /* Info.plist */ = {isa = PBXFileReference; lastKnownFileType = text.plist.xml; path = Info.plist; sourceTree = "<group>"; };
		7B5655181EA57CC000623AFA /* SimpleQRCodeScannerTests.xctest */ = {isa = PBXFileReference; explicitFileType = wrapper.cfbundle; includeInIndex = 0; path = SimpleQRCodeScannerTests.xctest; sourceTree = BUILT_PRODUCTS_DIR; };
		7B56551C1EA57CC000623AFA /* SimpleQRCodeScannerTests.swift */ = {isa = PBXFileReference; lastKnownFileType = sourcecode.swift; path = SimpleQRCodeScannerTests.swift; sourceTree = "<group>"; };
		7B56551E1EA57CC000623AFA /* Info.plist */ = {isa = PBXFileReference; lastKnownFileType = text.plist.xml; path = Info.plist; sourceTree = "<group>"; };
		7B5655231EA57CC000623AFA /* SimpleQRCodeScannerUITests.xctest */ = {isa = PBXFileReference; explicitFileType = wrapper.cfbundle; includeInIndex = 0; path = SimpleQRCodeScannerUITests.xctest; sourceTree = BUILT_PRODUCTS_DIR; };
		7B5655271EA57CC000623AFA /* SimpleQRCodeScannerUITests.swift */ = {isa = PBXFileReference; lastKnownFileType = sourcecode.swift; path = SimpleQRCodeScannerUITests.swift; sourceTree = "<group>"; };
		7B5655291EA57CC000623AFA /* Info.plist */ = {isa = PBXFileReference; lastKnownFileType = text.plist.xml; path = Info.plist; sourceTree = "<group>"; };
		7B5655351EA57FA900623AFA /* ScannerViewController.swift */ = {isa = PBXFileReference; fileEncoding = 4; lastKnownFileType = sourcecode.swift; path = ScannerViewController.swift; sourceTree = "<group>"; };
/* End PBXFileReference section */

/* Begin PBXFrameworksBuildPhase section */
		7B5655011EA57CBF00623AFA /* Frameworks */ = {
			isa = PBXFrameworksBuildPhase;
			buildActionMask = 2147483647;
			files = (
			);
			runOnlyForDeploymentPostprocessing = 0;
		};
		7B5655151EA57CC000623AFA /* Frameworks */ = {
			isa = PBXFrameworksBuildPhase;
			buildActionMask = 2147483647;
			files = (
			);
			runOnlyForDeploymentPostprocessing = 0;
		};
		7B5655201EA57CC000623AFA /* Frameworks */ = {
			isa = PBXFrameworksBuildPhase;
			buildActionMask = 2147483647;
			files = (
			);
			runOnlyForDeploymentPostprocessing = 0;
		};
/* End PBXFrameworksBuildPhase section */

/* Begin PBXGroup section */
		7B5654FB1EA57CBF00623AFA = {
			isa = PBXGroup;
			children = (
				7B5655061EA57CBF00623AFA /* SimpleQRCodeScanner */,
				7B56551B1EA57CC000623AFA /* SimpleQRCodeScannerTests */,
				7B5655261EA57CC000623AFA /* SimpleQRCodeScannerUITests */,
				7B5655051EA57CBF00623AFA /* Products */,
			);
			sourceTree = "<group>";
		};
		7B5655051EA57CBF00623AFA /* Products */ = {
			isa = PBXGroup;
			children = (
				7B5655041EA57CBF00623AFA /* SimpleQRCodeScanner.app */,
				7B5655181EA57CC000623AFA /* SimpleQRCodeScannerTests.xctest */,
				7B5655231EA57CC000623AFA /* SimpleQRCodeScannerUITests.xctest */,
			);
			name = Products;
			sourceTree = "<group>";
		};
		7B5655061EA57CBF00623AFA /* SimpleQRCodeScanner */ = {
			isa = PBXGroup;
			children = (
				7B5655071EA57CBF00623AFA /* AppDelegate.swift */,
				7B5655091EA57CBF00623AFA /* ViewController.swift */,
				7B56550B1EA57CBF00623AFA /* Main.storyboard */,
				7B56550E1EA57CBF00623AFA /* Assets.xcassets */,
				7B5655101EA57CBF00623AFA /* LaunchScreen.storyboard */,
				7B5655131EA57CBF00623AFA /* Info.plist */,
				7B5655351EA57FA900623AFA /* ScannerViewController.swift */,
			);
			path = SimpleQRCodeScanner;
			sourceTree = "<group>";
		};
		7B56551B1EA57CC000623AFA /* SimpleQRCodeScannerTests */ = {
			isa = PBXGroup;
			children = (
				7B56551C1EA57CC000623AFA /* SimpleQRCodeScannerTests.swift */,
				7B56551E1EA57CC000623AFA /* Info.plist */,
			);
			path = SimpleQRCodeScannerTests;
			sourceTree = "<group>";
		};
		7B5655261EA57CC000623AFA /* SimpleQRCodeScannerUITests */ = {
			isa = PBXGroup;
			children = (
				7B5655271EA57CC000623AFA /* SimpleQRCodeScannerUITests.swift */,
				7B5655291EA57CC000623AFA /* Info.plist */,
			);
			path = SimpleQRCodeScannerUITests;
			sourceTree = "<group>";
		};
/* End PBXGroup section */

/* Begin PBXNativeTarget section */
		7B5655031EA57CBF00623AFA /* SimpleQRCodeScanner */ = {
			isa = PBXNativeTarget;
			buildConfigurationList = 7B56552C1EA57CC000623AFA /* Build configuration list for PBXNativeTarget "SimpleQRCodeScanner" */;
			buildPhases = (
				7B5655001EA57CBF00623AFA /* Sources */,
				7B5655011EA57CBF00623AFA /* Frameworks */,
				7B5655021EA57CBF00623AFA /* Resources */,
			);
			buildRules = (
			);
			dependencies = (
			);
			name = SimpleQRCodeScanner;
			productName = SimpleQRCodeScanner;
			productReference = 7B5655041EA57CBF00623AFA /* SimpleQRCodeScanner.app */;
			productType = "com.apple.product-type.application";
		};
		7B5655171EA57CC000623AFA /* SimpleQRCodeScannerTests */ = {
			isa = PBXNativeTarget;
			buildConfigurationList = 7B56552F1EA57CC000623AFA /* Build configuration list for PBXNativeTarget "SimpleQRCodeScannerTests" */;
			buildPhases = (
				7B5655141EA57CC000623AFA /* Sources */,
				7B5655151EA57CC000623AFA /* Frameworks */,
				7B5655161EA57CC000623AFA /* Resources */,
			);
			buildRules = (
			);
			dependencies = (
				7B56551A1EA57CC000623AFA /* PBXTargetDependency */,
			);
			name = SimpleQRCodeScannerTests;
			productName = SimpleQRCodeScannerTests;
			productReference = 7B5655181EA57CC000623AFA /* SimpleQRCodeScannerTests.xctest */;
			productType = "com.apple.product-type.bundle.unit-test";
		};
		7B5655221EA57CC000623AFA /* SimpleQRCodeScannerUITests */ = {
			isa = PBXNativeTarget;
			buildConfigurationList = 7B5655321EA57CC000623AFA /* Build configuration list for PBXNativeTarget "SimpleQRCodeScannerUITests" */;
			buildPhases = (
				7B56551F1EA57CC000623AFA /* Sources */,
				7B5655201EA57CC000623AFA /* Frameworks */,
				7B5655211EA57CC000623AFA /* Resources */,
			);
			buildRules = (
			);
			dependencies = (
				7B5655251EA57CC000623AFA /* PBXTargetDependency */,
			);
			name = SimpleQRCodeScannerUITests;
			productName = SimpleQRCodeScannerUITests;
			productReference = 7B5655231EA57CC000623AFA /* SimpleQRCodeScannerUITests.xctest */;
			productType = "com.apple.product-type.bundle.ui-testing";
		};
/* End PBXNativeTarget section */

/* Begin PBXProject section */
		7B5654FC1EA57CBF00623AFA /* Project object */ = {
			isa = PBXProject;
			attributes = {
				LastSwiftUpdateCheck = 0830;
				LastUpgradeCheck = 0830;
				ORGANIZATIONNAME = "Galih Sanjaya";
				TargetAttributes = {
					7B5655031EA57CBF00623AFA = {
						CreatedOnToolsVersion = 8.3.1;
						DevelopmentTeam = 9J7KD5WCYJ;
						ProvisioningStyle = Automatic;
					};
					7B5655171EA57CC000623AFA = {
						CreatedOnToolsVersion = 8.3.1;
						DevelopmentTeam = 9J7KD5WCYJ;
						ProvisioningStyle = Automatic;
						TestTargetID = 7B5655031EA57CBF00623AFA;
					};
					7B5655221EA57CC000623AFA = {
						CreatedOnToolsVersion = 8.3.1;
						DevelopmentTeam = 9J7KD5WCYJ;
						ProvisioningStyle = Automatic;
						TestTargetID = 7B5655031EA57CBF00623AFA;
					};
				};
			};
			buildConfigurationList = 7B5654FF1EA57CBF00623AFA /* Build configuration list for PBXProject "SimpleQRCodeScanner" */;
			compatibilityVersion = "Xcode 3.2";
			developmentRegion = English;
			hasScannedForEncodings = 0;
			knownRegions = (
				en,
				Base,
			);
			mainGroup = 7B5654FB1EA57CBF00623AFA;
			productRefGroup = 7B5655051EA57CBF00623AFA /* Products */;
			projectDirPath = "";
			projectRoot = "";
			targets = (
				7B5655031EA57CBF00623AFA /* SimpleQRCodeScanner */,
				7B5655171EA57CC000623AFA /* SimpleQRCodeScannerTests */,
				7B5655221EA57CC000623AFA /* SimpleQRCodeScannerUITests */,
			);
		};
/* End PBXProject section */

/* Begin PBXResourcesBuildPhase section */
		7B5655021EA57CBF00623AFA /* Resources */ = {
			isa = PBXResourcesBuildPhase;
			buildActionMask = 2147483647;
			files = (
				7B5655121EA57CBF00623AFA /* LaunchScreen.storyboard in Resources */,
				7B56550F1EA57CBF00623AFA /* Assets.xcassets in Resources */,
				7B56550D1EA57CBF00623AFA /* Main.storyboard in Resources */,
			);
			runOnlyForDeploymentPostprocessing = 0;
		};
		7B5655161EA57CC000623AFA /* Resources */ = {
			isa = PBXResourcesBuildPhase;
			buildActionMask = 2147483647;
			files = (
			);
			runOnlyForDeploymentPostprocessing = 0;
		};
		7B5655211EA57CC000623AFA /* Resources */ = {
			isa = PBXResourcesBuildPhase;
			buildActionMask = 2147483647;
			files = (
			);
			runOnlyForDeploymentPostprocessing = 0;
		};
/* End PBXResourcesBuildPhase section */

/* Begin PBXSourcesBuildPhase section */
		7B5655001EA57CBF00623AFA /* Sources */ = {
			isa = PBXSourcesBuildPhase;
			buildActionMask = 2147483647;
			files = (
				7B56550A1EA57CBF00623AFA /* ViewController.swift in Sources */,
				7B5655361EA57FA900623AFA /* ScannerViewController.swift in Sources */,
				7B5655081EA57CBF00623AFA /* AppDelegate.swift in Sources */,
			);
			runOnlyForDeploymentPostprocessing = 0;
		};
		7B5655141EA57CC000623AFA /* Sources */ = {
			isa = PBXSourcesBuildPhase;
			buildActionMask = 2147483647;
			files = (
				7B56551D1EA57CC000623AFA /* SimpleQRCodeScannerTests.swift in Sources */,
			);
			runOnlyForDeploymentPostprocessing = 0;
		};
		7B56551F1EA57CC000623AFA /* Sources */ = {
			isa = PBXSourcesBuildPhase;
			buildActionMask = 2147483647;
			files = (
				7B5655281EA57CC000623AFA /* SimpleQRCodeScannerUITests.swift in Sources */,
			);
			runOnlyForDeploymentPostprocessing = 0;
		};
/* End PBXSourcesBuildPhase section */

/* Begin PBXTargetDependency section */
		7B56551A1EA57CC000623AFA /* PBXTargetDependency */ = {
			isa = PBXTargetDependency;
			target = 7B5655031EA57CBF00623AFA /* SimpleQRCodeScanner */;
			targetProxy = 7B5655191EA57CC000623AFA /* PBXContainerItemProxy */;
		};
		7B5655251EA57CC000623AFA /* PBXTargetDependency */ = {
			isa = PBXTargetDependency;
			target = 7B5655031EA57CBF00623AFA /* SimpleQRCodeScanner */;
			targetProxy = 7B5655241EA57CC000623AFA /* PBXContainerItemProxy */;
		};
/* End PBXTargetDependency section */

/* Begin PBXVariantGroup section */
		7B56550B1EA57CBF00623AFA /* Main.storyboard */ = {
			isa = PBXVariantGroup;
			children = (
				7B56550C1EA57CBF00623AFA /* Base */,
			);
			name = Main.storyboard;
			sourceTree = "<group>";
		};
		7B5655101EA57CBF00623AFA /* LaunchScreen.storyboard */ = {
			isa = PBXVariantGroup;
			children = (
				7B5655111EA57CBF00623AFA /* Base */,
			);
			name = LaunchScreen.storyboard;
			sourceTree = "<group>";
		};
/* End PBXVariantGroup section */

/* Begin XCBuildConfiguration section */
		7B56552A1EA57CC000623AFA /* Debug */ = {
			isa = XCBuildConfiguration;
			buildSettings = {
				ALWAYS_SEARCH_USER_PATHS = NO;
				CLANG_ANALYZER_NONNULL = YES;
				CLANG_ANALYZER_NUMBER_OBJECT_CONVERSION = YES_AGGRESSIVE;
				CLANG_CXX_LANGUAGE_STANDARD = "gnu++0x";
				CLANG_CXX_LIBRARY = "libc++";
				CLANG_ENABLE_MODULES = YES;
				CLANG_ENABLE_OBJC_ARC = YES;
				CLANG_WARN_BOOL_CONVERSION = YES;
				CLANG_WARN_CONSTANT_CONVERSION = YES;
				CLANG_WARN_DIRECT_OBJC_ISA_USAGE = YES_ERROR;
				CLANG_WARN_DOCUMENTATION_COMMENTS = YES;
				CLANG_WARN_EMPTY_BODY = YES;
				CLANG_WARN_ENUM_CONVERSION = YES;
				CLANG_WARN_INFINITE_RECURSION = YES;
				CLANG_WARN_INT_CONVERSION = YES;
				CLANG_WARN_OBJC_ROOT_CLASS = YES_ERROR;
				CLANG_WARN_SUSPICIOUS_MOVE = YES;
				CLANG_WARN_UNREACHABLE_CODE = YES;
				CLANG_WARN__DUPLICATE_METHOD_MATCH = YES;
				"CODE_SIGN_IDENTITY[sdk=iphoneos*]" = "iPhone Developer";
				COPY_PHASE_STRIP = NO;
				DEBUG_INFORMATION_FORMAT = dwarf;
				ENABLE_STRICT_OBJC_MSGSEND = YES;
				ENABLE_TESTABILITY = YES;
				GCC_C_LANGUAGE_STANDARD = gnu99;
				GCC_DYNAMIC_NO_PIC = NO;
				GCC_NO_COMMON_BLOCKS = YES;
				GCC_OPTIMIZATION_LEVEL = 0;
				GCC_PREPROCESSOR_DEFINITIONS = (
					"DEBUG=1",
					"$(inherited)",
				);
				GCC_WARN_64_TO_32_BIT_CONVERSION = YES;
				GCC_WARN_ABOUT_RETURN_TYPE = YES_ERROR;
				GCC_WARN_UNDECLARED_SELECTOR = YES;
				GCC_WARN_UNINITIALIZED_AUTOS = YES_AGGRESSIVE;
				GCC_WARN_UNUSED_FUNCTION = YES;
				GCC_WARN_UNUSED_VARIABLE = YES;
				IPHONEOS_DEPLOYMENT_TARGET = 10.3;
				MTL_ENABLE_DEBUG_INFO = YES;
				ONLY_ACTIVE_ARCH = YES;
				SDKROOT = iphoneos;
				SWIFT_ACTIVE_COMPILATION_CONDITIONS = DEBUG;
				SWIFT_OPTIMIZATION_LEVEL = "-Onone";
			};
			name = Debug;
		};
		7B56552B1EA57CC000623AFA /* Release */ = {
			isa = XCBuildConfiguration;
			buildSettings = {
				ALWAYS_SEARCH_USER_PATHS = NO;
				CLANG_ANALYZER_NONNULL = YES;
				CLANG_ANALYZER_NUMBER_OBJECT_CONVERSION = YES_AGGRESSIVE;
				CLANG_CXX_LANGUAGE_STANDARD = "gnu++0x";
				CLANG_CXX_LIBRARY = "libc++";
				CLANG_ENABLE_MODULES = YES;
				CLANG_ENABLE_OBJC_ARC = YES;
				CLANG_WARN_BOOL_CONVERSION = YES;
				CLANG_WARN_CONSTANT_CONVERSION = YES;
				CLANG_WARN_DIRECT_OBJC_ISA_USAGE = YES_ERROR;
				CLANG_WARN_DOCUMENTATION_COMMENTS = YES;
				CLANG_WARN_EMPTY_BODY = YES;
				CLANG_WARN_ENUM_CONVERSION = YES;
				CLANG_WARN_INFINITE_RECURSION = YES;
				CLANG_WARN_INT_CONVERSION = YES;
				CLANG_WARN_OBJC_ROOT_CLASS = YES_ERROR;
				CLANG_WARN_SUSPICIOUS_MOVE = YES;
				CLANG_WARN_UNREACHABLE_CODE = YES;
				CLANG_WARN__DUPLICATE_METHOD_MATCH = YES;
				"CODE_SIGN_IDENTITY[sdk=iphoneos*]" = "iPhone Developer";
				COPY_PHASE_STRIP = NO;
				DEBUG_INFORMATION_FORMAT = "dwarf-with-dsym";
				ENABLE_NS_ASSERTIONS = NO;
				ENABLE_STRICT_OBJC_MSGSEND = YES;
				GCC_C_LANGUAGE_STANDARD = gnu99;
				GCC_NO_COMMON_BLOCKS = YES;
				GCC_WARN_64_TO_32_BIT_CONVERSION = YES;
				GCC_WARN_ABOUT_RETURN_TYPE = YES_ERROR;
				GCC_WARN_UNDECLARED_SELECTOR = YES;
				GCC_WARN_UNINITIALIZED_AUTOS = YES_AGGRESSIVE;
				GCC_WARN_UNUSED_FUNCTION = YES;
				GCC_WARN_UNUSED_VARIABLE = YES;
				IPHONEOS_DEPLOYMENT_TARGET = 10.3;
				MTL_ENABLE_DEBUG_INFO = NO;
				SDKROOT = iphoneos;
				SWIFT_OPTIMIZATION_LEVEL = "-Owholemodule";
				VALIDATE_PRODUCT = YES;
			};
			name = Release;
		};
		7B56552D1EA57CC000623AFA /* Debug */ = {
			isa = XCBuildConfiguration;
			buildSettings = {
				ASSETCATALOG_COMPILER_APPICON_NAME = AppIcon;
				DEVELOPMENT_TEAM = 9J7KD5WCYJ;
				INFOPLIST_FILE = SimpleQRCodeScanner/Info.plist;
				LD_RUNPATH_SEARCH_PATHS = "$(inherited) @executable_path/Frameworks";
				PRODUCT_BUNDLE_IDENTIFIER = com.galihis.SimpleQRCodeScanner;
				PRODUCT_NAME = "$(TARGET_NAME)";
				SWIFT_VERSION = 3.0;
			};
			name = Debug;
		};
		7B56552E1EA57CC000623AFA /* Release */ = {
			isa = XCBuildConfiguration;
			buildSettings = {
				ASSETCATALOG_COMPILER_APPICON_NAME = AppIcon;
				DEVELOPMENT_TEAM = 9J7KD5WCYJ;
				INFOPLIST_FILE = SimpleQRCodeScanner/Info.plist;
				LD_RUNPATH_SEARCH_PATHS = "$(inherited) @executable_path/Frameworks";
				PRODUCT_BUNDLE_IDENTIFIER = com.galihis.SimpleQRCodeScanner;
				PRODUCT_NAME = "$(TARGET_NAME)";
				SWIFT_VERSION = 3.0;
			};
			name = Release;
		};
		7B5655301EA57CC000623AFA /* Debug */ = {
			isa = XCBuildConfiguration;
			buildSettings = {
				ALWAYS_EMBED_SWIFT_STANDARD_LIBRARIES = YES;
				BUNDLE_LOADER = "$(TEST_HOST)";
				DEVELOPMENT_TEAM = 9J7KD5WCYJ;
				INFOPLIST_FILE = SimpleQRCodeScannerTests/Info.plist;
				LD_RUNPATH_SEARCH_PATHS = "$(inherited) @executable_path/Frameworks @loader_path/Frameworks";
				PRODUCT_BUNDLE_IDENTIFIER = com.galihis.SimpleQRCodeScannerTests;
				PRODUCT_NAME = "$(TARGET_NAME)";
				SWIFT_VERSION = 3.0;
				TEST_HOST = "$(BUILT_PRODUCTS_DIR)/SimpleQRCodeScanner.app/SimpleQRCodeScanner";
			};
			name = Debug;
		};
		7B5655311EA57CC000623AFA /* Release */ = {
			isa = XCBuildConfiguration;
			buildSettings = {
				ALWAYS_EMBED_SWIFT_STANDARD_LIBRARIES = YES;
				BUNDLE_LOADER = "$(TEST_HOST)";
				DEVELOPMENT_TEAM = 9J7KD5WCYJ;
				INFOPLIST_FILE = SimpleQRCodeScannerTests/Info.plist;
				LD_RUNPATH_SEARCH_PATHS = "$(inherited) @executable_path/Frameworks @loader_path/Frameworks";
				PRODUCT_BUNDLE_IDENTIFIER = com.galihis.SimpleQRCodeScannerTests;
				PRODUCT_NAME = "$(TARGET_NAME)";
				SWIFT_VERSION = 3.0;
				TEST_HOST = "$(BUILT_PRODUCTS_DIR)/SimpleQRCodeScanner.app/SimpleQRCodeScanner";
			};
			name = Release;
		};
		7B5655331EA57CC000623AFA /* Debug */ = {
			isa = XCBuildConfiguration;
			buildSettings = {
				ALWAYS_EMBED_SWIFT_STANDARD_LIBRARIES = YES;
				DEVELOPMENT_TEAM = 9J7KD5WCYJ;
				INFOPLIST_FILE = SimpleQRCodeScannerUITests/Info.plist;
				LD_RUNPATH_SEARCH_PATHS = "$(inherited) @executable_path/Frameworks @loader_path/Frameworks";
				PRODUCT_BUNDLE_IDENTIFIER = com.galihis.SimpleQRCodeScannerUITests;
				PRODUCT_NAME = "$(TARGET_NAME)";
				SWIFT_VERSION = 3.0;
				TEST_TARGET_NAME = SimpleQRCodeScanner;
			};
			name = Debug;
		};
		7B5655341EA57CC000623AFA /* Release */ = {
			isa = XCBuildConfiguration;
			buildSettings = {
				ALWAYS_EMBED_SWIFT_STANDARD_LIBRARIES = YES;
				DEVELOPMENT_TEAM = 9J7KD5WCYJ;
				INFOPLIST_FILE = SimpleQRCodeScannerUITests/Info.plist;
				LD_RUNPATH_SEARCH_PATHS = "$(inherited) @executable_path/Frameworks @loader_path/Frameworks";
				PRODUCT_BUNDLE_IDENTIFIER = com.galihis.SimpleQRCodeScannerUITests;
				PRODUCT_NAME = "$(TARGET_NAME)";
				SWIFT_VERSION = 3.0;
				TEST_TARGET_NAME = SimpleQRCodeScanner;
			};
			name = Release;
		};
/* End XCBuildConfiguration section */

/* Begin XCConfigurationList section */
		7B5654FF1EA57CBF00623AFA /* Build configuration list for PBXProject "SimpleQRCodeScanner" */ = {
			isa = XCConfigurationList;
			buildConfigurations = (
				7B56552A1EA57CC000623AFA /* Debug */,
				7B56552B1EA57CC000623AFA /* Release */,
			);
			defaultConfigurationIsVisible = 0;
			defaultConfigurationName = Release;
		};
		7B56552C1EA57CC000623AFA /* Build configuration list for PBXNativeTarget "SimpleQRCodeScanner" */ = {
			isa = XCConfigurationList;
			buildConfigurations = (
				7B56552D1EA57CC000623AFA /* Debug */,
				7B56552E1EA57CC000623AFA /* Release */,
			);
			defaultConfigurationIsVisible = 0;
		};
		7B56552F1EA57CC000623AFA /* Build configuration list for PBXNativeTarget "SimpleQRCodeScannerTests" */ = {
			isa = XCConfigurationList;
			buildConfigurations = (
				7B5655301EA57CC000623AFA /* Debug */,
				7B5655311EA57CC000623AFA /* Release */,
			);
			defaultConfigurationIsVisible = 0;
		};
		7B5655321EA57CC000623AFA /* Build configuration list for PBXNativeTarget "SimpleQRCodeScannerUITests" */ = {
			isa = XCConfigurationList;
			buildConfigurations = (
				7B5655331EA57CC000623AFA /* Debug */,
				7B5655341EA57CC000623AFA /* Release */,
			);
			defaultConfigurationIsVisible = 0;
		};
/* End XCConfigurationList section */
	};
	rootObject = 7B5654FC1EA57CBF00623AFA /* Project object */;
}
